
Microsoft Visual Studio Solution File, Format Version 12.00
# Visual Studio Version 17
VisualStudioVersion = 17.14.36408.4
MinimumVisualStudioVersion = 10.0.40219.1
Project("{FAE04EC0-301F-11D3-BF4B-00C04F79EFBC}") = "OppsPractice", "OppsPractice\OppsPractice.csproj", "{576BB956-F268-443C-993D-0D9FFE9FD1AF}"
EndProject
Global
	GlobalSection(SolutionConfigurationPlatforms) = preSolution
		Debug|Any CPU = Debug|Any CPU
		Release|Any CPU = Release|Any CPU
	EndGlobalSection
	GlobalSection(ProjectConfigurationPlatforms) = postSolution
		{576BB956-F268-443C-993D-0D9FFE9FD1AF}.Debug|Any CPU.ActiveCfg = Debug|Any CPU
		{576BB956-F268-443C-993D-0D9FFE9FD1AF}.Debug|Any CPU.Build.0 = Debug|Any CPU
		{576BB956-F268-443C-993D-0D9FFE9FD1AF}.Release|Any CPU.ActiveCfg = Release|Any CPU
		{576BB956-F268-443C-993D-0D9FFE9FD1AF}.Release|Any CPU.Build.0 = Release|Any CPU
	EndGlobalSection
	GlobalSection(SolutionProperties) = preSolution
		HideSolutionNode = FALSE
	EndGlobalSection
	GlobalSection(ExtensibilityGlobals) = postSolution
		SolutionGuid = {83C1AC58-029B-439C-9F08-E0C0055CF802}
	EndGlobalSection
EndGlobal
